// !$*UTF8*$!
{
	archiveVersion = 1;
	classes = {
	};
	objectVersion = 55;
	objects = {

/* Begin PBXBuildFile section */
		3F60875927F9F26400417D26 /* KidsLearningApp.swift in Sources */ = {isa = PBXBuildFile; fileRef = 3F60874927F9F25E00417D26 /* KidsLearningApp.swift */; };
		3F60875A27F9F26400417D26 /* KidsLearningApp.swift in Sources */ = {isa = PBXBuildFile; fileRef = 3F60874927F9F25E00417D26 /* KidsLearningApp.swift */; };
		3F60875B27F9F26400417D26 /* KidsLearningView.swift in Sources */ = {isa = PBXBuildFile; fileRef = 3F60874A27F9F25E00417D26 /* KidsLearningView.swift */; };
		3F60875C27F9F26400417D26 /* KidsLearningView.swift in Sources */ = {isa = PBXBuildFile; fileRef = 3F60874A27F9F25E00417D26 /* KidsLearningView.swift */; };
		3F60875D27F9F26400417D26 /* Assets.xcassets in Resources */ = {isa = PBXBuildFile; fileRef = 3F60874B27F9F26400417D26 /* Assets.xcassets */; };
		3F60875E27F9F26400417D26 /* Assets.xcassets in Resources */ = {isa = PBXBuildFile; fileRef = 3F60874B27F9F26400417D26 /* Assets.xcassets */; };
		3F60876827F9F34600417D26 /* LearnAlphabets.swift in Sources */ = {isa = PBXBuildFile; fileRef = 3F60876727F9F34600417D26 /* LearnAlphabets.swift */; };
		3F60876927F9F34600417D26 /* LearnAlphabets.swift in Sources */ = {isa = PBXBuildFile; fileRef = 3F60876727F9F34600417D26 /* LearnAlphabets.swift */; };
		3F60876C27F9F7C100417D26 /* LearningCurveDataModels.swift in Sources */ = {isa = PBXBuildFile; fileRef = 3F60876B27F9F7C100417D26 /* LearningCurveDataModels.swift */; };
		3F60876D27F9F7C100417D26 /* LearningCurveDataModels.swift in Sources */ = {isa = PBXBuildFile; fileRef = 3F60876B27F9F7C100417D26 /* LearningCurveDataModels.swift */; };
		3F60877127F9FCFD00417D26 /* AlphabetsView.swift in Sources */ = {isa = PBXBuildFile; fileRef = 3F60877027F9FCFD00417D26 /* AlphabetsView.swift */; };
		3F60877227F9FCFD00417D26 /* AlphabetsView.swift in Sources */ = {isa = PBXBuildFile; fileRef = 3F60877027F9FCFD00417D26 /* AlphabetsView.swift */; };
		3F60877427FA01D900417D26 /* AnimationView.swift in Sources */ = {isa = PBXBuildFile; fileRef = 3F60877327FA01D900417D26 /* AnimationView.swift */; };
		3F60877527FA01D900417D26 /* AnimationView.swift in Sources */ = {isa = PBXBuildFile; fileRef = 3F60877327FA01D900417D26 /* AnimationView.swift */; };
		3F60877727FB866800417D26 /* Benzpath.swift in Sources */ = {isa = PBXBuildFile; fileRef = 3F60877627FB866800417D26 /* Benzpath.swift */; };
		3F60877827FB866800417D26 /* Benzpath.swift in Sources */ = {isa = PBXBuildFile; fileRef = 3F60877627FB866800417D26 /* Benzpath.swift */; };
		3F60877A27FB882200417D26 /* ShapeView.swift in Sources */ = {isa = PBXBuildFile; fileRef = 3F60877927FB882200417D26 /* ShapeView.swift */; };
		3F60877B27FB882200417D26 /* ShapeView.swift in Sources */ = {isa = PBXBuildFile; fileRef = 3F60877927FB882200417D26 /* ShapeView.swift */; };
/* End PBXBuildFile section */

/* Begin PBXFileReference section */
		3F60874927F9F25E00417D26 /* KidsLearningApp.swift */ = {isa = PBXFileReference; lastKnownFileType = sourcecode.swift; path = KidsLearningApp.swift; sourceTree = "<group>"; };
		3F60874A27F9F25E00417D26 /* KidsLearningView.swift */ = {isa = PBXFileReference; lastKnownFileType = sourcecode.swift; path = KidsLearningView.swift; sourceTree = "<group>"; };
		3F60874B27F9F26400417D26 /* Assets.xcassets */ = {isa = PBXFileReference; lastKnownFileType = folder.assetcatalog; path = Assets.xcassets; sourceTree = "<group>"; };
		3F60875027F9F26400417D26 /* KidsLearning.app */ = {isa = PBXFileReference; explicitFileType = wrapper.application; includeInIndex = 0; path = KidsLearning.app; sourceTree = BUILT_PRODUCTS_DIR; };
		3F60875627F9F26400417D26 /* KidsLearning.app */ = {isa = PBXFileReference; explicitFileType = wrapper.application; includeInIndex = 0; path = KidsLearning.app; sourceTree = BUILT_PRODUCTS_DIR; };
		3F60875827F9F26400417D26 /* macOS.entitlements */ = {isa = PBXFileReference; lastKnownFileType = text.plist.entitlements; path = macOS.entitlements; sourceTree = "<group>"; };
		3F60876727F9F34600417D26 /* LearnAlphabets.swift */ = {isa = PBXFileReference; lastKnownFileType = sourcecode.swift; path = LearnAlphabets.swift; sourceTree = "<group>"; };
		3F60876B27F9F7C100417D26 /* LearningCurveDataModels.swift */ = {isa = PBXFileReference; lastKnownFileType = sourcecode.swift; path = LearningCurveDataModels.swift; sourceTree = "<group>"; };
		3F60877027F9FCFD00417D26 /* AlphabetsView.swift */ = {isa = PBXFileReference; lastKnownFileType = sourcecode.swift; path = AlphabetsView.swift; sourceTree = "<group>"; };
		3F60877327FA01D900417D26 /* AnimationView.swift */ = {isa = PBXFileReference; lastKnownFileType = sourcecode.swift; path = AnimationView.swift; sourceTree = "<group>"; };
		3F60877627FB866800417D26 /* Benzpath.swift */ = {isa = PBXFileReference; lastKnownFileType = sourcecode.swift; path = Benzpath.swift; sourceTree = "<group>"; };
		3F60877927FB882200417D26 /* ShapeView.swift */ = {isa = PBXFileReference; lastKnownFileType = sourcecode.swift; path = ShapeView.swift; sourceTree = "<group>"; };
/* End PBXFileReference section */

/* Begin PBXFrameworksBuildPhase section */
		3F60874D27F9F26400417D26 /* Frameworks */ = {
			isa = PBXFrameworksBuildPhase;
			buildActionMask = 2147483647;
			files = (
			);
			runOnlyForDeploymentPostprocessing = 0;
		};
		3F60875327F9F26400417D26 /* Frameworks */ = {
			isa = PBXFrameworksBuildPhase;
			buildActionMask = 2147483647;
			files = (
			);
			runOnlyForDeploymentPostprocessing = 0;
		};
/* End PBXFrameworksBuildPhase section */

/* Begin PBXGroup section */
		3F60874327F9F25E00417D26 = {
			isa = PBXGroup;
			children = (
				3F60874827F9F25E00417D26 /* Shared */,
				3F60875727F9F26400417D26 /* macOS */,
				3F60875127F9F26400417D26 /* Products */,
			);
			sourceTree = "<group>";
		};
		3F60874827F9F25E00417D26 /* Shared */ = {
			isa = PBXGroup;
			children = (
				3F60876F27F9FCEC00417D26 /* Alphabets */,
				3F60876E27F9F84000417D26 /* LearningView */,
				3F60876A27F9F79A00417D26 /* LearningCurves */,
				3F60874927F9F25E00417D26 /* KidsLearningApp.swift */,
				3F60874B27F9F26400417D26 /* Assets.xcassets */,
				3F60876727F9F34600417D26 /* LearnAlphabets.swift */,
				3F60877627FB866800417D26 /* Benzpath.swift */,
				3F60877927FB882200417D26 /* ShapeView.swift */,
			);
			path = Shared;
			sourceTree = "<group>";
		};
		3F60875127F9F26400417D26 /* Products */ = {
			isa = PBXGroup;
			children = (
				3F60875027F9F26400417D26 /* KidsLearning.app */,
				3F60875627F9F26400417D26 /* KidsLearning.app */,
			);
			name = Products;
			sourceTree = "<group>";
		};
		3F60875727F9F26400417D26 /* macOS */ = {
			isa = PBXGroup;
			children = (
				3F60875827F9F26400417D26 /* macOS.entitlements */,
			);
			path = macOS;
			sourceTree = "<group>";
		};
		3F60876A27F9F79A00417D26 /* LearningCurves */ = {
			isa = PBXGroup;
			children = (
				3F60876B27F9F7C100417D26 /* LearningCurveDataModels.swift */,
			);
			path = LearningCurves;
			sourceTree = "<group>";
		};
		3F60876E27F9F84000417D26 /* LearningView */ = {
			isa = PBXGroup;
			children = (
				3F60874A27F9F25E00417D26 /* KidsLearningView.swift */,
			);
			path = LearningView;
			sourceTree = "<group>";
		};
		3F60876F27F9FCEC00417D26 /* Alphabets */ = {
			isa = PBXGroup;
			children = (
				3F60877027F9FCFD00417D26 /* AlphabetsView.swift */,
				3F60877327FA01D900417D26 /* AnimationView.swift */,
			);
			path = Alphabets;
			sourceTree = "<group>";
		};
/* End PBXGroup section */

/* Begin PBXNativeTarget section */
		3F60874F27F9F26400417D26 /* KidsLearning (iOS) */ = {
			isa = PBXNativeTarget;
			buildConfigurationList = 3F60876127F9F26400417D26 /* Build configuration list for PBXNativeTarget "KidsLearning (iOS)" */;
			buildPhases = (
				3F60874C27F9F26400417D26 /* Sources */,
				3F60874D27F9F26400417D26 /* Frameworks */,
				3F60874E27F9F26400417D26 /* Resources */,
			);
			buildRules = (
			);
			dependencies = (
			);
			name = "KidsLearning (iOS)";
			productName = "KidsLearning (iOS)";
			productReference = 3F60875027F9F26400417D26 /* KidsLearning.app */;
			productType = "com.apple.product-type.application";
		};
		3F60875527F9F26400417D26 /* KidsLearning (macOS) */ = {
			isa = PBXNativeTarget;
			buildConfigurationList = 3F60876427F9F26400417D26 /* Build configuration list for PBXNativeTarget "KidsLearning (macOS)" */;
			buildPhases = (
				3F60875227F9F26400417D26 /* Sources */,
				3F60875327F9F26400417D26 /* Frameworks */,
				3F60875427F9F26400417D26 /* Resources */,
			);
			buildRules = (
			);
			dependencies = (
			);
			name = "KidsLearning (macOS)";
			productName = "KidsLearning (macOS)";
			productReference = 3F60875627F9F26400417D26 /* KidsLearning.app */;
			productType = "com.apple.product-type.application";
		};
/* End PBXNativeTarget section */

/* Begin PBXProject section */
		3F60874427F9F25E00417D26 /* Project object */ = {
			isa = PBXProject;
			attributes = {
				BuildIndependentTargetsInParallel = 1;
				LastSwiftUpdateCheck = 1320;
				LastUpgradeCheck = 1320;
				TargetAttributes = {
					3F60874F27F9F26400417D26 = {
						CreatedOnToolsVersion = 13.2.1;
					};
					3F60875527F9F26400417D26 = {
						CreatedOnToolsVersion = 13.2.1;
					};
				};
			};
			buildConfigurationList = 3F60874727F9F25E00417D26 /* Build configuration list for PBXProject "KidsLearning" */;
			compatibilityVersion = "Xcode 13.0";
			developmentRegion = en;
			hasScannedForEncodings = 0;
			knownRegions = (
				en,
				Base,
			);
			mainGroup = 3F60874327F9F25E00417D26;
			productRefGroup = 3F60875127F9F26400417D26 /* Products */;
			projectDirPath = "";
			projectRoot = "";
			targets = (
				3F60874F27F9F26400417D26 /* KidsLearning (iOS) */,
				3F60875527F9F26400417D26 /* KidsLearning (macOS) */,
			);
		};
/* End PBXProject section */

/* Begin PBXResourcesBuildPhase section */
		3F60874E27F9F26400417D26 /* Resources */ = {
			isa = PBXResourcesBuildPhase;
			buildActionMask = 2147483647;
			files = (
				3F60875D27F9F26400417D26 /* Assets.xcassets in Resources */,
			);
			runOnlyForDeploymentPostprocessing = 0;
		};
		3F60875427F9F26400417D26 /* Resources */ = {
			isa = PBXResourcesBuildPhase;
			buildActionMask = 2147483647;
			files = (
				3F60875E27F9F26400417D26 /* Assets.xcassets in Resources */,
			);
			runOnlyForDeploymentPostprocessing = 0;
		};
/* End PBXResourcesBuildPhase section */

/* Begin PBXSourcesBuildPhase section */
		3F60874C27F9F26400417D26 /* Sources */ = {
			isa = PBXSourcesBuildPhase;
			buildActionMask = 2147483647;
			files = (
				3F60877727FB866800417D26 /* Benzpath.swift in Sources */,
				3F60875B27F9F26400417D26 /* KidsLearningView.swift in Sources */,
				3F60875927F9F26400417D26 /* KidsLearningApp.swift in Sources */,
				3F60876827F9F34600417D26 /* LearnAlphabets.swift in Sources */,
				3F60877427FA01D900417D26 /* AnimationView.swift in Sources */,
				3F60877127F9FCFD00417D26 /* AlphabetsView.swift in Sources */,
				3F60877A27FB882200417D26 /* ShapeView.swift in Sources */,
				3F60876C27F9F7C100417D26 /* LearningCurveDataModels.swift in Sources */,
			);
			runOnlyForDeploymentPostprocessing = 0;
		};
		3F60875227F9F26400417D26 /* Sources */ = {
			isa = PBXSourcesBuildPhase;
			buildActionMask = 2147483647;
			files = (
				3F60877827FB866800417D26 /* Benzpath.swift in Sources */,
				3F60875C27F9F26400417D26 /* KidsLearningView.swift in Sources */,
				3F60875A27F9F26400417D26 /* KidsLearningApp.swift in Sources */,
				3F60876927F9F34600417D26 /* LearnAlphabets.swift in Sources */,
				3F60877527FA01D900417D26 /* AnimationView.swift in Sources */,
				3F60877227F9FCFD00417D26 /* AlphabetsView.swift in Sources */,
				3F60877B27FB882200417D26 /* ShapeView.swift in Sources */,
				3F60876D27F9F7C100417D26 /* LearningCurveDataModels.swift in Sources */,
			);
			runOnlyForDeploymentPostprocessing = 0;
		};
/* End PBXSourcesBuildPhase section */

/* Begin XCBuildConfiguration section */
		3F60875F27F9F26400417D26 /* Debug */ = {
			isa = XCBuildConfiguration;
			buildSettings = {
				ALWAYS_SEARCH_USER_PATHS = NO;
				CLANG_ANALYZER_NONNULL = YES;
				CLANG_ANALYZER_NUMBER_OBJECT_CONVERSION = YES_AGGRESSIVE;
				CLANG_CXX_LANGUAGE_STANDARD = "gnu++17";
				CLANG_CXX_LIBRARY = "libc++";
				CLANG_ENABLE_MODULES = YES;
				CLANG_ENABLE_OBJC_ARC = YES;
				CLANG_ENABLE_OBJC_WEAK = YES;
				CLANG_WARN_BLOCK_CAPTURE_AUTORELEASING = YES;
				CLANG_WARN_BOOL_CONVERSION = YES;
				CLANG_WARN_COMMA = YES;
				CLANG_WARN_CONSTANT_CONVERSION = YES;
				CLANG_WARN_DEPRECATED_OBJC_IMPLEMENTATIONS = YES;
				CLANG_WARN_DIRECT_OBJC_ISA_USAGE = YES_ERROR;
				CLANG_WARN_DOCUMENTATION_COMMENTS = YES;
				CLANG_WARN_EMPTY_BODY = YES;
				CLANG_WARN_ENUM_CONVERSION = YES;
				CLANG_WARN_INFINITE_RECURSION = YES;
				CLANG_WARN_INT_CONVERSION = YES;
				CLANG_WARN_NON_LITERAL_NULL_CONVERSION = YES;
				CLANG_WARN_OBJC_IMPLICIT_RETAIN_SELF = YES;
				CLANG_WARN_OBJC_LITERAL_CONVERSION = YES;
				CLANG_WARN_OBJC_ROOT_CLASS = YES_ERROR;
				CLANG_WARN_QUOTED_INCLUDE_IN_FRAMEWORK_HEADER = YES;
				CLANG_WARN_RANGE_LOOP_ANALYSIS = YES;
				CLANG_WARN_STRICT_PROTOTYPES = YES;
				CLANG_WARN_SUSPICIOUS_MOVE = YES;
				CLANG_WARN_UNGUARDED_AVAILABILITY = YES_AGGRESSIVE;
				CLANG_WARN_UNREACHABLE_CODE = YES;
				CLANG_WARN__DUPLICATE_METHOD_MATCH = YES;
				COPY_PHASE_STRIP = NO;
				DEBUG_INFORMATION_FORMAT = dwarf;
				ENABLE_STRICT_OBJC_MSGSEND = YES;
				ENABLE_TESTABILITY = YES;
				GCC_C_LANGUAGE_STANDARD = gnu11;
				GCC_DYNAMIC_NO_PIC = NO;
				GCC_NO_COMMON_BLOCKS = YES;
				GCC_OPTIMIZATION_LEVEL = 0;
				GCC_PREPROCESSOR_DEFINITIONS = (
					"DEBUG=1",
					"$(inherited)",
				);
				GCC_WARN_64_TO_32_BIT_CONVERSION = YES;
				GCC_WARN_ABOUT_RETURN_TYPE = YES_ERROR;
				GCC_WARN_UNDECLARED_SELECTOR = YES;
				GCC_WARN_UNINITIALIZED_AUTOS = YES_AGGRESSIVE;
				GCC_WARN_UNUSED_FUNCTION = YES;
				GCC_WARN_UNUSED_VARIABLE = YES;
				MTL_ENABLE_DEBUG_INFO = INCLUDE_SOURCE;
				MTL_FAST_MATH = YES;
				ONLY_ACTIVE_ARCH = YES;
				SWIFT_ACTIVE_COMPILATION_CONDITIONS = DEBUG;
				SWIFT_OPTIMIZATION_LEVEL = "-Onone";
			};
			name = Debug;
		};
		3F60876027F9F26400417D26 /* Release */ = {
			isa = XCBuildConfiguration;
			buildSettings = {
				ALWAYS_SEARCH_USER_PATHS = NO;
				CLANG_ANALYZER_NONNULL = YES;
				CLANG_ANALYZER_NUMBER_OBJECT_CONVERSION = YES_AGGRESSIVE;
				CLANG_CXX_LANGUAGE_STANDARD = "gnu++17";
				CLANG_CXX_LIBRARY = "libc++";
				CLANG_ENABLE_MODULES = YES;
				CLANG_ENABLE_OBJC_ARC = YES;
				CLANG_ENABLE_OBJC_WEAK = YES;
				CLANG_WARN_BLOCK_CAPTURE_AUTORELEASING = YES;
				CLANG_WARN_BOOL_CONVERSION = YES;
				CLANG_WARN_COMMA = YES;
				CLANG_WARN_CONSTANT_CONVERSION = YES;
				CLANG_WARN_DEPRECATED_OBJC_IMPLEMENTATIONS = YES;
				CLANG_WARN_DIRECT_OBJC_ISA_USAGE = YES_ERROR;
				CLANG_WARN_DOCUMENTATION_COMMENTS = YES;
				CLANG_WARN_EMPTY_BODY = YES;
				CLANG_WARN_ENUM_CONVERSION = YES;
				CLANG_WARN_INFINITE_RECURSION = YES;
				CLANG_WARN_INT_CONVERSION = YES;
				CLANG_WARN_NON_LITERAL_NULL_CONVERSION = YES;
				CLANG_WARN_OBJC_IMPLICIT_RETAIN_SELF = YES;
				CLANG_WARN_OBJC_LITERAL_CONVERSION = YES;
				CLANG_WARN_OBJC_ROOT_CLASS = YES_ERROR;
				CLANG_WARN_QUOTED_INCLUDE_IN_FRAMEWORK_HEADER = YES;
				CLANG_WARN_RANGE_LOOP_ANALYSIS = YES;
				CLANG_WARN_STRICT_PROTOTYPES = YES;
				CLANG_WARN_SUSPICIOUS_MOVE = YES;
				CLANG_WARN_UNGUARDED_AVAILABILITY = YES_AGGRESSIVE;
				CLANG_WARN_UNREACHABLE_CODE = YES;
				CLANG_WARN__DUPLICATE_METHOD_MATCH = YES;
				COPY_PHASE_STRIP = NO;
				DEBUG_INFORMATION_FORMAT = "dwarf-with-dsym";
				ENABLE_NS_ASSERTIONS = NO;
				ENABLE_STRICT_OBJC_MSGSEND = YES;
				GCC_C_LANGUAGE_STANDARD = gnu11;
				GCC_NO_COMMON_BLOCKS = YES;
				GCC_WARN_64_TO_32_BIT_CONVERSION = YES;
				GCC_WARN_ABOUT_RETURN_TYPE = YES_ERROR;
				GCC_WARN_UNDECLARED_SELECTOR = YES;
				GCC_WARN_UNINITIALIZED_AUTOS = YES_AGGRESSIVE;
				GCC_WARN_UNUSED_FUNCTION = YES;
				GCC_WARN_UNUSED_VARIABLE = YES;
				MTL_ENABLE_DEBUG_INFO = NO;
				MTL_FAST_MATH = YES;
				SWIFT_COMPILATION_MODE = wholemodule;
				SWIFT_OPTIMIZATION_LEVEL = "-O";
			};
			name = Release;
		};
		3F60876227F9F26400417D26 /* Debug */ = {
			isa = XCBuildConfiguration;
			buildSettings = {
				ASSETCATALOG_COMPILER_APPICON_NAME = AppIcon;
				ASSETCATALOG_COMPILER_GLOBAL_ACCENT_COLOR_NAME = AccentColor;
				CODE_SIGN_IDENTITY = "iPhone Distribution";
				CODE_SIGN_STYLE = Manual;
				CURRENT_PROJECT_VERSION = 31;
				DEVELOPMENT_TEAM = QCEYU2L35N;
				ENABLE_PREVIEWS = YES;
				GENERATE_INFOPLIST_FILE = YES;
				INFOPLIST_KEY_UIApplicationSceneManifest_Generation = YES;
				INFOPLIST_KEY_UIApplicationSupportsIndirectInputEvents = YES;
				INFOPLIST_KEY_UILaunchScreen_Generation = YES;
				INFOPLIST_KEY_UISupportedInterfaceOrientations_iPad = "UIInterfaceOrientationPortrait UIInterfaceOrientationPortraitUpsideDown UIInterfaceOrientationLandscapeLeft UIInterfaceOrientationLandscapeRight";
				INFOPLIST_KEY_UISupportedInterfaceOrientations_iPhone = "UIInterfaceOrientationPortrait UIInterfaceOrientationLandscapeLeft UIInterfaceOrientationLandscapeRight";
				IPHONEOS_DEPLOYMENT_TARGET = 15.2;
				LD_RUNPATH_SEARCH_PATHS = (
					"$(inherited)",
					"@executable_path/Frameworks",
				);
				MARKETING_VERSION = 1.0;
				PRODUCT_BUNDLE_IDENTIFIER = "com.kids.learning-anim";
				PRODUCT_NAME = KidsLearning;
				PROVISIONING_PROFILE_SPECIFIER = "kids-leaning-anim";
				SDKROOT = iphoneos;
				SWIFT_EMIT_LOC_STRINGS = YES;
				SWIFT_VERSION = 5.0;
				TARGETED_DEVICE_FAMILY = "1,2";
			};
			name = Debug;
		};
		3F60876327F9F26400417D26 /* Release */ = {
			isa = XCBuildConfiguration;
			buildSettings = {
				ASSETCATALOG_COMPILER_APPICON_NAME = AppIcon;
				ASSETCATALOG_COMPILER_GLOBAL_ACCENT_COLOR_NAME = AccentColor;
				CODE_SIGN_IDENTITY = "iPhone Distribution";
				CODE_SIGN_STYLE = Manual;
				CURRENT_PROJECT_VERSION = 31;
				DEVELOPMENT_TEAM = QCEYU2L35N;
				ENABLE_PREVIEWS = YES;
				GENERATE_INFOPLIST_FILE = YES;
				INFOPLIST_KEY_UIApplicationSceneManifest_Generation = YES;
				INFOPLIST_KEY_UIApplicationSupportsIndirectInputEvents = YES;
				INFOPLIST_KEY_UILaunchScreen_Generation = YES;
				INFOPLIST_KEY_UISupportedInterfaceOrientations_iPad = "UIInterfaceOrientationPortrait UIInterfaceOrientationPortraitUpsideDown UIInterfaceOrientationLandscapeLeft UIInterfaceOrientationLandscapeRight";
				INFOPLIST_KEY_UISupportedInterfaceOrientations_iPhone = "UIInterfaceOrientationPortrait UIInterfaceOrientationLandscapeLeft UIInterfaceOrientationLandscapeRight";
				IPHONEOS_DEPLOYMENT_TARGET = 15.2;
				LD_RUNPATH_SEARCH_PATHS = (
					"$(inherited)",
					"@executable_path/Frameworks",
				);
				MARKETING_VERSION = 1.0;
				PRODUCT_BUNDLE_IDENTIFIER = "com.kids.learning-anim";
				PRODUCT_NAME = KidsLearning;
				PROVISIONING_PROFILE_SPECIFIER = "kids-leaning-anim";
				SDKROOT = iphoneos;
				SWIFT_EMIT_LOC_STRINGS = YES;
				SWIFT_VERSION = 5.0;
				TARGETED_DEVICE_FAMILY = "1,2";
				VALIDATE_PRODUCT = YES;
			};
			name = Release;
		};
		3F60876527F9F26400417D26 /* Debug */ = {
			isa = XCBuildConfiguration;
			buildSettings = {
				ASSETCATALOG_COMPILER_APPICON_NAME = AppIcon;
				ASSETCATALOG_COMPILER_GLOBAL_ACCENT_COLOR_NAME = AccentColor;
				CODE_SIGN_ENTITLEMENTS = macOS/macOS.entitlements;
				CODE_SIGN_STYLE = Automatic;
				COMBINE_HIDPI_IMAGES = YES;
				CURRENT_PROJECT_VERSION = 30;
				DEVELOPMENT_TEAM = QCEYU2L35N;
				ENABLE_HARDENED_RUNTIME = YES;
				ENABLE_PREVIEWS = YES;
				GENERATE_INFOPLIST_FILE = YES;
				INFOPLIST_KEY_NSHumanReadableCopyright = "";
				LD_RUNPATH_SEARCH_PATHS = (
					"$(inherited)",
					"@executable_path/../Frameworks",
				);
				MACOSX_DEPLOYMENT_TARGET = 12.1;
				MARKETING_VERSION = 1.0;
				PRODUCT_BUNDLE_IDENTIFIER = com.applepush.test.KidsLearning;
				PRODUCT_NAME = KidsLearning;
				SDKROOT = macosx;
				SWIFT_EMIT_LOC_STRINGS = YES;
				SWIFT_VERSION = 5.0;
			};
			name = Debug;
		};
		3F60876627F9F26400417D26 /* Release */ = {
			isa = XCBuildConfiguration;
			buildSettings = {
				ASSETCATALOG_COMPILER_APPICON_NAME = AppIcon;
				ASSETCATALOG_COMPILER_GLOBAL_ACCENT_COLOR_NAME = AccentColor;
				CODE_SIGN_ENTITLEMENTS = macOS/macOS.entitlements;
				CODE_SIGN_STYLE = Automatic;
				COMBINE_HIDPI_IMAGES = YES;
				CURRENT_PROJECT_VERSION = 30;
				DEVELOPMENT_TEAM = QCEYU2L35N;
				ENABLE_HARDENED_RUNTIME = YES;
				ENABLE_PREVIEWS = YES;
				GENERATE_INFOPLIST_FILE = YES;
				INFOPLIST_KEY_NSHumanReadableCopyright = "";
				LD_RUNPATH_SEARCH_PATHS = (
					"$(inherited)",
					"@executable_path/../Frameworks",
				);
				MACOSX_DEPLOYMENT_TARGET = 12.1;
				MARKETING_VERSION = 1.0;
				PRODUCT_BUNDLE_IDENTIFIER = com.applepush.test.KidsLearning;
				PRODUCT_NAME = KidsLearning;
				SDKROOT = macosx;
				SWIFT_EMIT_LOC_STRINGS = YES;
				SWIFT_VERSION = 5.0;
			};
			name = Release;
		};
/* End XCBuildConfiguration section */

/* Begin XCConfigurationList section */
		3F60874727F9F25E00417D26 /* Build configuration list for PBXProject "KidsLearning" */ = {
			isa = XCConfigurationList;
			buildConfigurations = (
				3F60875F27F9F26400417D26 /* Debug */,
				3F60876027F9F26400417D26 /* Release */,
			);
			defaultConfigurationIsVisible = 0;
			defaultConfigurationName = Release;
		};
		3F60876127F9F26400417D26 /* Build configuration list for PBXNativeTarget "KidsLearning (iOS)" */ = {
			isa = XCConfigurationList;
			buildConfigurations = (
				3F60876227F9F26400417D26 /* Debug */,
				3F60876327F9F26400417D26 /* Release */,
			);
			defaultConfigurationIsVisible = 0;
			defaultConfigurationName = Release;
		};
		3F60876427F9F26400417D26 /* Build configuration list for PBXNativeTarget "KidsLearning (macOS)" */ = {
			isa = XCConfigurationList;
			buildConfigurations = (
				3F60876527F9F26400417D26 /* Debug */,
				3F60876627F9F26400417D26 /* Release */,
			);
			defaultConfigurationIsVisible = 0;
			defaultConfigurationName = Release;
		};
/* End XCConfigurationList section */
	};
	rootObject = 3F60874427F9F25E00417D26 /* Project object */;
}
